
Microsoft Visual Studio Solution File, Format Version 12.00
# Visual Studio Version 16
VisualStudioVersion = 16.0.31129.286
MinimumVisualStudioVersion = 10.0.40219.1
Project("{2150E333-8FDC-42A3-9474-1A3956D46DE8}") = "src", "src", "{D91BB488-5E2B-4369-B2F9-BD2136DC368C}"
EndProject
Project("{2150E333-8FDC-42A3-9474-1A3956D46DE8}") = "Services", "Services", "{955AAEF8-5D47-4C7B-800A-5B7DA7BE44E2}"
EndProject
Project("{2150E333-8FDC-42A3-9474-1A3956D46DE8}") = "Shared", "Shared", "{E3BEE77A-0BB2-403F-B98F-F65A7CCE7CA4}"
EndProject
Project("{9A19103F-16F7-4668-BE54-9A1E7A4F7556}") = "Shared.API", "src\Shared\SharedAPI\Shared.API.csproj", "{7A188990-948A-4F7C-A261-9FF8223BC97C}"
EndProject
Project("{2150E333-8FDC-42A3-9474-1A3956D46DE8}") = "CarService", "CarService", "{EA114DD8-5632-4261-9800-B57D3B63F3B4}"
EndProject
Project("{9A19103F-16F7-4668-BE54-9A1E7A4F7556}") = "Shared.Domain", "src\Shared\SharedDomain\Shared.Domain.csproj", "{A30C7A78-F473-4DB0-A136-38D6E4B94280}"
EndProject
Project("{2150E333-8FDC-42A3-9474-1A3956D46DE8}") = "Solution Items", "Solution Items", "{B2288DAD-4BDD-4DF4-9025-B96451FF39AC}"
	ProjectSection(SolutionItems) = preProject
		ToDoList.txt = ToDoList.txt
	EndProjectSection
EndProject
Project("{2150E333-8FDC-42A3-9474-1A3956D46DE8}") = "tests", "tests", "{8D1CFB72-F8C6-45F5-81FE-6F80F412A614}"
EndProject
Project("{9A19103F-16F7-4668-BE54-9A1E7A4F7556}") = "SharedEventStore", "src\Shared\SharedEventStore\SharedEventStore.csproj", "{7C61BD54-7666-4E20-B570-01150238E3F6}"
EndProject
Project("{2150E333-8FDC-42A3-9474-1A3956D46DE8}") = "Processor", "Processor", "{DDA10EC4-2C1D-4C5F-8F37-9657A40363B6}"
EndProject
Project("{9A19103F-16F7-4668-BE54-9A1E7A4F7556}") = "EventProcessor", "src\Services\EventProcessor\EventProcessor.csproj", "{1B548C88-9664-445F-9CE3-7E165F80C40A}"
EndProject
Project("{2150E333-8FDC-42A3-9474-1A3956D46DE8}") = "CarViewService", "CarViewService", "{4467EDDF-BF29-4EB7-9474-37994F9A6E9D}"
EndProject
Project("{2150E333-8FDC-42A3-9474-1A3956D46DE8}") = "Contracts", "Contracts", "{34F5B033-9903-4FE4-A1D7-E522BDF50B16}"
EndProject
Project("{9A19103F-16F7-4668-BE54-9A1E7A4F7556}") = "CarConrtacts", "src\Contracts\CarConrtacts\CarConrtacts.csproj", "{F7AD56B2-76B2-4D96-8DBC-DB66EF9F4419}"
EndProject
Project("{9A19103F-16F7-4668-BE54-9A1E7A4F7556}") = "CarView.Infrastructure", "src\Services\CarViewService\CarView.Infrastructure\CarView.Infrastructure.csproj", "{7597ABA9-7FE4-4AC9-8BE5-80B7367A6C08}"
EndProject
Project("{9A19103F-16F7-4668-BE54-9A1E7A4F7556}") = "Car.API", "src\Services\CarService\Car.API\Car.API.csproj", "{7A87864E-2302-4AEC-A8B2-20AAE8410DDF}"
EndProject
Project("{9A19103F-16F7-4668-BE54-9A1E7A4F7556}") = "Car.Application", "src\Services\CarService\Car.Application\Car.Application.csproj", "{366D22FB-79E1-4BDA-9763-C18FD821488B}"
EndProject
Project("{9A19103F-16F7-4668-BE54-9A1E7A4F7556}") = "Car.Domain", "src\Services\CarService\Car.Domain\Car.Domain.csproj", "{6EB90100-7348-4E0A-A27C-34813DCB5C72}"
EndProject
Project("{9A19103F-16F7-4668-BE54-9A1E7A4F7556}") = "Car.Infrastructure", "src\Services\CarService\Car.Infrastructure\Car.Infrastructure.csproj", "{280505E6-76E5-410C-A03A-7617D65CF7E3}"
EndProject
Project("{9A19103F-16F7-4668-BE54-9A1E7A4F7556}") = "Car.Domain.Tests", "src\Services\CarService\Car.Domain.Tests\Car.Domain.Tests.csproj", "{D2E257B9-7624-4D8F-A0AD-E54DAC28E16F}"
EndProject
Project("{9A19103F-16F7-4668-BE54-9A1E7A4F7556}") = "CarView.API", "src\Services\CarViewService\CarView.API\CarView.API.csproj", "{9CAB30DB-D930-4E28-83F0-EF6B0EC79F88}"
EndProject
Project("{FAE04EC0-301F-11D3-BF4B-00C04F79EFBC}") = "CarView.Application", "src\Services\CarViewService\CarView.Application\CarView.Application.csproj", "{0CBC6B68-2C1B-4805-8343-1D001AFFED56}"
EndProject
Global
	GlobalSection(SolutionConfigurationPlatforms) = preSolution
		Debug|Any CPU = Debug|Any CPU
		Release|Any CPU = Release|Any CPU
	EndGlobalSection
	GlobalSection(ProjectConfigurationPlatforms) = postSolution
		{7A188990-948A-4F7C-A261-9FF8223BC97C}.Debug|Any CPU.ActiveCfg = Debug|Any CPU
		{7A188990-948A-4F7C-A261-9FF8223BC97C}.Debug|Any CPU.Build.0 = Debug|Any CPU
		{7A188990-948A-4F7C-A261-9FF8223BC97C}.Release|Any CPU.ActiveCfg = Release|Any CPU
		{7A188990-948A-4F7C-A261-9FF8223BC97C}.Release|Any CPU.Build.0 = Release|Any CPU
		{A30C7A78-F473-4DB0-A136-38D6E4B94280}.Debug|Any CPU.ActiveCfg = Debug|Any CPU
		{A30C7A78-F473-4DB0-A136-38D6E4B94280}.Debug|Any CPU.Build.0 = Debug|Any CPU
		{A30C7A78-F473-4DB0-A136-38D6E4B94280}.Release|Any CPU.ActiveCfg = Release|Any CPU
		{A30C7A78-F473-4DB0-A136-38D6E4B94280}.Release|Any CPU.Build.0 = Release|Any CPU
		{7C61BD54-7666-4E20-B570-01150238E3F6}.Debug|Any CPU.ActiveCfg = Debug|Any CPU
		{7C61BD54-7666-4E20-B570-01150238E3F6}.Debug|Any CPU.Build.0 = Debug|Any CPU
		{7C61BD54-7666-4E20-B570-01150238E3F6}.Release|Any CPU.ActiveCfg = Release|Any CPU
		{7C61BD54-7666-4E20-B570-01150238E3F6}.Release|Any CPU.Build.0 = Release|Any CPU
		{1B548C88-9664-445F-9CE3-7E165F80C40A}.Debug|Any CPU.ActiveCfg = Debug|Any CPU
		{1B548C88-9664-445F-9CE3-7E165F80C40A}.Debug|Any CPU.Build.0 = Debug|Any CPU
		{1B548C88-9664-445F-9CE3-7E165F80C40A}.Release|Any CPU.ActiveCfg = Release|Any CPU
		{1B548C88-9664-445F-9CE3-7E165F80C40A}.Release|Any CPU.Build.0 = Release|Any CPU
		{F7AD56B2-76B2-4D96-8DBC-DB66EF9F4419}.Debug|Any CPU.ActiveCfg = Debug|Any CPU
		{F7AD56B2-76B2-4D96-8DBC-DB66EF9F4419}.Debug|Any CPU.Build.0 = Debug|Any CPU
		{F7AD56B2-76B2-4D96-8DBC-DB66EF9F4419}.Release|Any CPU.ActiveCfg = Release|Any CPU
		{F7AD56B2-76B2-4D96-8DBC-DB66EF9F4419}.Release|Any CPU.Build.0 = Release|Any CPU
		{7597ABA9-7FE4-4AC9-8BE5-80B7367A6C08}.Debug|Any CPU.ActiveCfg = Debug|Any CPU
		{7597ABA9-7FE4-4AC9-8BE5-80B7367A6C08}.Debug|Any CPU.Build.0 = Debug|Any CPU
		{7597ABA9-7FE4-4AC9-8BE5-80B7367A6C08}.Release|Any CPU.ActiveCfg = Release|Any CPU
		{7597ABA9-7FE4-4AC9-8BE5-80B7367A6C08}.Release|Any CPU.Build.0 = Release|Any CPU
		{7A87864E-2302-4AEC-A8B2-20AAE8410DDF}.Debug|Any CPU.ActiveCfg = Debug|Any CPU
		{7A87864E-2302-4AEC-A8B2-20AAE8410DDF}.Debug|Any CPU.Build.0 = Debug|Any CPU
		{7A87864E-2302-4AEC-A8B2-20AAE8410DDF}.Release|Any CPU.ActiveCfg = Release|Any CPU
		{7A87864E-2302-4AEC-A8B2-20AAE8410DDF}.Release|Any CPU.Build.0 = Release|Any CPU
		{366D22FB-79E1-4BDA-9763-C18FD821488B}.Debug|Any CPU.ActiveCfg = Debug|Any CPU
		{366D22FB-79E1-4BDA-9763-C18FD821488B}.Debug|Any CPU.Build.0 = Debug|Any CPU
		{366D22FB-79E1-4BDA-9763-C18FD821488B}.Release|Any CPU.ActiveCfg = Release|Any CPU
		{366D22FB-79E1-4BDA-9763-C18FD821488B}.Release|Any CPU.Build.0 = Release|Any CPU
		{6EB90100-7348-4E0A-A27C-34813DCB5C72}.Debug|Any CPU.ActiveCfg = Debug|Any CPU
		{6EB90100-7348-4E0A-A27C-34813DCB5C72}.Debug|Any CPU.Build.0 = Debug|Any CPU
		{6EB90100-7348-4E0A-A27C-34813DCB5C72}.Release|Any CPU.ActiveCfg = Release|Any CPU
		{6EB90100-7348-4E0A-A27C-34813DCB5C72}.Release|Any CPU.Build.0 = Release|Any CPU
		{280505E6-76E5-410C-A03A-7617D65CF7E3}.Debug|Any CPU.ActiveCfg = Debug|Any CPU
		{280505E6-76E5-410C-A03A-7617D65CF7E3}.Debug|Any CPU.Build.0 = Debug|Any CPU
		{280505E6-76E5-410C-A03A-7617D65CF7E3}.Release|Any CPU.ActiveCfg = Release|Any CPU
		{280505E6-76E5-410C-A03A-7617D65CF7E3}.Release|Any CPU.Build.0 = Release|Any CPU
		{D2E257B9-7624-4D8F-A0AD-E54DAC28E16F}.Debug|Any CPU.ActiveCfg = Debug|Any CPU
		{D2E257B9-7624-4D8F-A0AD-E54DAC28E16F}.Debug|Any CPU.Build.0 = Debug|Any CPU
		{D2E257B9-7624-4D8F-A0AD-E54DAC28E16F}.Release|Any CPU.ActiveCfg = Release|Any CPU
		{D2E257B9-7624-4D8F-A0AD-E54DAC28E16F}.Release|Any CPU.Build.0 = Release|Any CPU
		{9CAB30DB-D930-4E28-83F0-EF6B0EC79F88}.Debug|Any CPU.ActiveCfg = Debug|Any CPU
		{9CAB30DB-D930-4E28-83F0-EF6B0EC79F88}.Debug|Any CPU.Build.0 = Debug|Any CPU
		{9CAB30DB-D930-4E28-83F0-EF6B0EC79F88}.Release|Any CPU.ActiveCfg = Release|Any CPU
		{9CAB30DB-D930-4E28-83F0-EF6B0EC79F88}.Release|Any CPU.Build.0 = Release|Any CPU
		{0CBC6B68-2C1B-4805-8343-1D001AFFED56}.Debug|Any CPU.ActiveCfg = Debug|Any CPU
		{0CBC6B68-2C1B-4805-8343-1D001AFFED56}.Debug|Any CPU.Build.0 = Debug|Any CPU
		{0CBC6B68-2C1B-4805-8343-1D001AFFED56}.Release|Any CPU.ActiveCfg = Release|Any CPU
		{0CBC6B68-2C1B-4805-8343-1D001AFFED56}.Release|Any CPU.Build.0 = Release|Any CPU
	EndGlobalSection
	GlobalSection(SolutionProperties) = preSolution
		HideSolutionNode = FALSE
	EndGlobalSection
	GlobalSection(NestedProjects) = preSolution
		{955AAEF8-5D47-4C7B-800A-5B7DA7BE44E2} = {D91BB488-5E2B-4369-B2F9-BD2136DC368C}
		{E3BEE77A-0BB2-403F-B98F-F65A7CCE7CA4} = {D91BB488-5E2B-4369-B2F9-BD2136DC368C}
		{7A188990-948A-4F7C-A261-9FF8223BC97C} = {E3BEE77A-0BB2-403F-B98F-F65A7CCE7CA4}
		{EA114DD8-5632-4261-9800-B57D3B63F3B4} = {955AAEF8-5D47-4C7B-800A-5B7DA7BE44E2}
		{A30C7A78-F473-4DB0-A136-38D6E4B94280} = {E3BEE77A-0BB2-403F-B98F-F65A7CCE7CA4}
		{8D1CFB72-F8C6-45F5-81FE-6F80F412A614} = {EA114DD8-5632-4261-9800-B57D3B63F3B4}
		{7C61BD54-7666-4E20-B570-01150238E3F6} = {E3BEE77A-0BB2-403F-B98F-F65A7CCE7CA4}
		{DDA10EC4-2C1D-4C5F-8F37-9657A40363B6} = {955AAEF8-5D47-4C7B-800A-5B7DA7BE44E2}
		{1B548C88-9664-445F-9CE3-7E165F80C40A} = {DDA10EC4-2C1D-4C5F-8F37-9657A40363B6}
		{4467EDDF-BF29-4EB7-9474-37994F9A6E9D} = {955AAEF8-5D47-4C7B-800A-5B7DA7BE44E2}
		{34F5B033-9903-4FE4-A1D7-E522BDF50B16} = {D91BB488-5E2B-4369-B2F9-BD2136DC368C}
		{F7AD56B2-76B2-4D96-8DBC-DB66EF9F4419} = {34F5B033-9903-4FE4-A1D7-E522BDF50B16}
		{7597ABA9-7FE4-4AC9-8BE5-80B7367A6C08} = {4467EDDF-BF29-4EB7-9474-37994F9A6E9D}
		{7A87864E-2302-4AEC-A8B2-20AAE8410DDF} = {EA114DD8-5632-4261-9800-B57D3B63F3B4}
		{366D22FB-79E1-4BDA-9763-C18FD821488B} = {EA114DD8-5632-4261-9800-B57D3B63F3B4}
		{6EB90100-7348-4E0A-A27C-34813DCB5C72} = {EA114DD8-5632-4261-9800-B57D3B63F3B4}
		{280505E6-76E5-410C-A03A-7617D65CF7E3} = {EA114DD8-5632-4261-9800-B57D3B63F3B4}
		{D2E257B9-7624-4D8F-A0AD-E54DAC28E16F} = {8D1CFB72-F8C6-45F5-81FE-6F80F412A614}
		{9CAB30DB-D930-4E28-83F0-EF6B0EC79F88} = {4467EDDF-BF29-4EB7-9474-37994F9A6E9D}
		{0CBC6B68-2C1B-4805-8343-1D001AFFED56} = {4467EDDF-BF29-4EB7-9474-37994F9A6E9D}
	EndGlobalSection
	GlobalSection(ExtensibilityGlobals) = postSolution
		SolutionGuid = {FBD83603-5BEF-424E-A5C3-7D66608EA8CA}
	EndGlobalSection
EndGlobal
